
Microsoft Visual Studio Solution File, Format Version 12.00
# Visual Studio 15
VisualStudioVersion = 15.0.27130.2020
MinimumVisualStudioVersion = 10.0.40219.1
Project("{FAE04EC0-301F-11D3-BF4B-00C04F79EFBC}") = "Condak.Android", "Condak\Condak.Android\Condak.Android.csproj", "{FD6AC509-1D7A-4366-BA03-F6F7EED02F08}"
EndProject
Project("{FAE04EC0-301F-11D3-BF4B-00C04F79EFBC}") = "Condak.iOS", "Condak\Condak.iOS\Condak.iOS.csproj", "{4C1B99A3-7344-4D47-A09E-F65B0F8E35AC}"
EndProject
Project("{FAE04EC0-301F-11D3-BF4B-00C04F79EFBC}") = "Condak.UWP", "Condak\Condak.UWP\Condak.UWP.csproj", "{93C824D8-D5BE-46A5-A442-19EFC39C5710}"
EndProject
Project("{D954291E-2A0B-460D-934E-DC6B0785DB48}") = "Condak", "Condak\Condak\Condak.shproj", "{A113857A-9222-4823-91FB-3F5E0A5BCAB6}"
EndProject
Global
	GlobalSection(SharedMSBuildProjectFiles) = preSolution
		Condak\Condak\Condak.projitems*{4c1b99a3-7344-4d47-a09e-f65b0f8e35ac}*SharedItemsImports = 4
		Condak\Condak\Condak.projitems*{93c824d8-d5be-46a5-a442-19efc39c5710}*SharedItemsImports = 4
		Condak\Condak\Condak.projitems*{a113857a-9222-4823-91fb-3f5e0a5bcab6}*SharedItemsImports = 13
		Condak\Condak\Condak.projitems*{fd6ac509-1d7a-4366-ba03-f6f7eed02f08}*SharedItemsImports = 4
	EndGlobalSection
	GlobalSection(SolutionConfigurationPlatforms) = preSolution
		Ad-Hoc|Any CPU = Ad-Hoc|Any CPU
		Ad-Hoc|ARM = Ad-Hoc|ARM
		Ad-Hoc|iPhone = Ad-Hoc|iPhone
		Ad-Hoc|iPhoneSimulator = Ad-Hoc|iPhoneSimulator
		Ad-Hoc|x64 = Ad-Hoc|x64
		Ad-Hoc|x86 = Ad-Hoc|x86
		AppStore|Any CPU = AppStore|Any CPU
		AppStore|ARM = AppStore|ARM
		AppStore|iPhone = AppStore|iPhone
		AppStore|iPhoneSimulator = AppStore|iPhoneSimulator
		AppStore|x64 = AppStore|x64
		AppStore|x86 = AppStore|x86
		Debug|Any CPU = Debug|Any CPU
		Debug|ARM = Debug|ARM
		Debug|iPhone = Debug|iPhone
		Debug|iPhoneSimulator = Debug|iPhoneSimulator
		Debug|x64 = Debug|x64
		Debug|x86 = Debug|x86
		Release|Any CPU = Release|Any CPU
		Release|ARM = Release|ARM
		Release|iPhone = Release|iPhone
		Release|iPhoneSimulator = Release|iPhoneSimulator
		Release|x64 = Release|x64
		Release|x86 = Release|x86
	EndGlobalSection
	GlobalSection(ProjectConfigurationPlatforms) = postSolution
		{FD6AC509-1D7A-4366-BA03-F6F7EED02F08}.Ad-Hoc|Any CPU.ActiveCfg = Release|Any CPU
		{FD6AC509-1D7A-4366-BA03-F6F7EED02F08}.Ad-Hoc|Any CPU.Build.0 = Release|Any CPU
		{FD6AC509-1D7A-4366-BA03-F6F7EED02F08}.Ad-Hoc|Any CPU.Deploy.0 = Release|Any CPU
		{FD6AC509-1D7A-4366-BA03-F6F7EED02F08}.Ad-Hoc|ARM.ActiveCfg = Release|Any CPU
		{FD6AC509-1D7A-4366-BA03-F6F7EED02F08}.Ad-Hoc|ARM.Build.0 = Release|Any CPU
		{FD6AC509-1D7A-4366-BA03-F6F7EED02F08}.Ad-Hoc|ARM.Deploy.0 = Release|Any CPU
		{FD6AC509-1D7A-4366-BA03-F6F7EED02F08}.Ad-Hoc|iPhone.ActiveCfg = Release|Any CPU
		{FD6AC509-1D7A-4366-BA03-F6F7EED02F08}.Ad-Hoc|iPhone.Build.0 = Release|Any CPU
		{FD6AC509-1D7A-4366-BA03-F6F7EED02F08}.Ad-Hoc|iPhone.Deploy.0 = Release|Any CPU
		{FD6AC509-1D7A-4366-BA03-F6F7EED02F08}.Ad-Hoc|iPhoneSimulator.ActiveCfg = Release|Any CPU
		{FD6AC509-1D7A-4366-BA03-F6F7EED02F08}.Ad-Hoc|iPhoneSimulator.Build.0 = Release|Any CPU
		{FD6AC509-1D7A-4366-BA03-F6F7EED02F08}.Ad-Hoc|iPhoneSimulator.Deploy.0 = Release|Any CPU
		{FD6AC509-1D7A-4366-BA03-F6F7EED02F08}.Ad-Hoc|x64.ActiveCfg = Release|Any CPU
		{FD6AC509-1D7A-4366-BA03-F6F7EED02F08}.Ad-Hoc|x64.Build.0 = Release|Any CPU
		{FD6AC509-1D7A-4366-BA03-F6F7EED02F08}.Ad-Hoc|x64.Deploy.0 = Release|Any CPU
		{FD6AC509-1D7A-4366-BA03-F6F7EED02F08}.Ad-Hoc|x86.ActiveCfg = Release|Any CPU
		{FD6AC509-1D7A-4366-BA03-F6F7EED02F08}.Ad-Hoc|x86.Build.0 = Release|Any CPU
		{FD6AC509-1D7A-4366-BA03-F6F7EED02F08}.Ad-Hoc|x86.Deploy.0 = Release|Any CPU
		{FD6AC509-1D7A-4366-BA03-F6F7EED02F08}.AppStore|Any CPU.ActiveCfg = Release|Any CPU
		{FD6AC509-1D7A-4366-BA03-F6F7EED02F08}.AppStore|Any CPU.Build.0 = Release|Any CPU
		{FD6AC509-1D7A-4366-BA03-F6F7EED02F08}.AppStore|Any CPU.Deploy.0 = Release|Any CPU
		{FD6AC509-1D7A-4366-BA03-F6F7EED02F08}.AppStore|ARM.ActiveCfg = Release|Any CPU
		{FD6AC509-1D7A-4366-BA03-F6F7EED02F08}.AppStore|ARM.Build.0 = Release|Any CPU
		{FD6AC509-1D7A-4366-BA03-F6F7EED02F08}.AppStore|ARM.Deploy.0 = Release|Any CPU
		{FD6AC509-1D7A-4366-BA03-F6F7EED02F08}.AppStore|iPhone.ActiveCfg = Release|Any CPU
		{FD6AC509-1D7A-4366-BA03-F6F7EED02F08}.AppStore|iPhone.Build.0 = Release|Any CPU
		{FD6AC509-1D7A-4366-BA03-F6F7EED02F08}.AppStore|iPhone.Deploy.0 = Release|Any CPU
		{FD6AC509-1D7A-4366-BA03-F6F7EED02F08}.AppStore|iPhoneSimulator.ActiveCfg = Release|Any CPU
		{FD6AC509-1D7A-4366-BA03-F6F7EED02F08}.AppStore|iPhoneSimulator.Build.0 = Release|Any CPU
		{FD6AC509-1D7A-4366-BA03-F6F7EED02F08}.AppStore|iPhoneSimulator.Deploy.0 = Release|Any CPU
		{FD6AC509-1D7A-4366-BA03-F6F7EED02F08}.AppStore|x64.ActiveCfg = Release|Any CPU
		{FD6AC509-1D7A-4366-BA03-F6F7EED02F08}.AppStore|x64.Build.0 = Release|Any CPU
		{FD6AC509-1D7A-4366-BA03-F6F7EED02F08}.AppStore|x64.Deploy.0 = Release|Any CPU
		{FD6AC509-1D7A-4366-BA03-F6F7EED02F08}.AppStore|x86.ActiveCfg = Release|Any CPU
		{FD6AC509-1D7A-4366-BA03-F6F7EED02F08}.AppStore|x86.Build.0 = Release|Any CPU
		{FD6AC509-1D7A-4366-BA03-F6F7EED02F08}.AppStore|x86.Deploy.0 = Release|Any CPU
		{FD6AC509-1D7A-4366-BA03-F6F7EED02F08}.Debug|Any CPU.ActiveCfg = Debug|Any CPU
		{FD6AC509-1D7A-4366-BA03-F6F7EED02F08}.Debug|Any CPU.Build.0 = Debug|Any CPU
		{FD6AC509-1D7A-4366-BA03-F6F7EED02F08}.Debug|Any CPU.Deploy.0 = Debug|Any CPU
		{FD6AC509-1D7A-4366-BA03-F6F7EED02F08}.Debug|ARM.ActiveCfg = Debug|Any CPU
		{FD6AC509-1D7A-4366-BA03-F6F7EED02F08}.Debug|ARM.Build.0 = Debug|Any CPU
		{FD6AC509-1D7A-4366-BA03-F6F7EED02F08}.Debug|ARM.Deploy.0 = Debug|Any CPU
		{FD6AC509-1D7A-4366-BA03-F6F7EED02F08}.Debug|iPhone.ActiveCfg = Debug|Any CPU
		{FD6AC509-1D7A-4366-BA03-F6F7EED02F08}.Debug|iPhone.Build.0 = Debug|Any CPU
		{FD6AC509-1D7A-4366-BA03-F6F7EED02F08}.Debug|iPhone.Deploy.0 = Debug|Any CPU
		{FD6AC509-1D7A-4366-BA03-F6F7EED02F08}.Debug|iPhoneSimulator.ActiveCfg = Debug|Any CPU
		{FD6AC509-1D7A-4366-BA03-F6F7EED02F08}.Debug|iPhoneSimulator.Build.0 = Debug|Any CPU
		{FD6AC509-1D7A-4366-BA03-F6F7EED02F08}.Debug|iPhoneSimulator.Deploy.0 = Debug|Any CPU
		{FD6AC509-1D7A-4366-BA03-F6F7EED02F08}.Debug|x64.ActiveCfg = Debug|Any CPU
		{FD6AC509-1D7A-4366-BA03-F6F7EED02F08}.Debug|x64.Build.0 = Debug|Any CPU
		{FD6AC509-1D7A-4366-BA03-F6F7EED02F08}.Debug|x64.Deploy.0 = Debug|Any CPU
		{FD6AC509-1D7A-4366-BA03-F6F7EED02F08}.Debug|x86.ActiveCfg = Debug|Any CPU
		{FD6AC509-1D7A-4366-BA03-F6F7EED02F08}.Debug|x86.Build.0 = Debug|Any CPU
		{FD6AC509-1D7A-4366-BA03-F6F7EED02F08}.Debug|x86.Deploy.0 = Debug|Any CPU
		{FD6AC509-1D7A-4366-BA03-F6F7EED02F08}.Release|Any CPU.ActiveCfg = Release|Any CPU
		{FD6AC509-1D7A-4366-BA03-F6F7EED02F08}.Release|Any CPU.Build.0 = Release|Any CPU
		{FD6AC509-1D7A-4366-BA03-F6F7EED02F08}.Release|Any CPU.Deploy.0 = Release|Any CPU
		{FD6AC509-1D7A-4366-BA03-F6F7EED02F08}.Release|ARM.ActiveCfg = Release|Any CPU
		{FD6AC509-1D7A-4366-BA03-F6F7EED02F08}.Release|ARM.Build.0 = Release|Any CPU
		{FD6AC509-1D7A-4366-BA03-F6F7EED02F08}.Release|ARM.Deploy.0 = Release|Any CPU
		{FD6AC509-1D7A-4366-BA03-F6F7EED02F08}.Release|iPhone.ActiveCfg = Release|Any CPU
		{FD6AC509-1D7A-4366-BA03-F6F7EED02F08}.Release|iPhone.Build.0 = Release|Any CPU
		{FD6AC509-1D7A-4366-BA03-F6F7EED02F08}.Release|iPhone.Deploy.0 = Release|Any CPU
		{FD6AC509-1D7A-4366-BA03-F6F7EED02F08}.Release|iPhoneSimulator.ActiveCfg = Release|Any CPU
		{FD6AC509-1D7A-4366-BA03-F6F7EED02F08}.Release|iPhoneSimulator.Build.0 = Release|Any CPU
		{FD6AC509-1D7A-4366-BA03-F6F7EED02F08}.Release|iPhoneSimulator.Deploy.0 = Release|Any CPU
		{FD6AC509-1D7A-4366-BA03-F6F7EED02F08}.Release|x64.ActiveCfg = Release|Any CPU
		{FD6AC509-1D7A-4366-BA03-F6F7EED02F08}.Release|x64.Build.0 = Release|Any CPU
		{FD6AC509-1D7A-4366-BA03-F6F7EED02F08}.Release|x64.Deploy.0 = Release|Any CPU
		{FD6AC509-1D7A-4366-BA03-F6F7EED02F08}.Release|x86.ActiveCfg = Release|Any CPU
		{FD6AC509-1D7A-4366-BA03-F6F7EED02F08}.Release|x86.Build.0 = Release|Any CPU
		{FD6AC509-1D7A-4366-BA03-F6F7EED02F08}.Release|x86.Deploy.0 = Release|Any CPU
		{4C1B99A3-7344-4D47-A09E-F65B0F8E35AC}.Ad-Hoc|Any CPU.ActiveCfg = Ad-Hoc|iPhone
		{4C1B99A3-7344-4D47-A09E-F65B0F8E35AC}.Ad-Hoc|ARM.ActiveCfg = Ad-Hoc|iPhone
		{4C1B99A3-7344-4D47-A09E-F65B0F8E35AC}.Ad-Hoc|iPhone.ActiveCfg = Ad-Hoc|iPhone
		{4C1B99A3-7344-4D47-A09E-F65B0F8E35AC}.Ad-Hoc|iPhone.Build.0 = Ad-Hoc|iPhone
		{4C1B99A3-7344-4D47-A09E-F65B0F8E35AC}.Ad-Hoc|iPhoneSimulator.ActiveCfg = Ad-Hoc|iPhoneSimulator
		{4C1B99A3-7344-4D47-A09E-F65B0F8E35AC}.Ad-Hoc|iPhoneSimulator.Build.0 = Ad-Hoc|iPhoneSimulator
		{4C1B99A3-7344-4D47-A09E-F65B0F8E35AC}.Ad-Hoc|x64.ActiveCfg = Ad-Hoc|iPhone
		{4C1B99A3-7344-4D47-A09E-F65B0F8E35AC}.Ad-Hoc|x86.ActiveCfg = Ad-Hoc|iPhone
		{4C1B99A3-7344-4D47-A09E-F65B0F8E35AC}.AppStore|Any CPU.ActiveCfg = AppStore|iPhone
		{4C1B99A3-7344-4D47-A09E-F65B0F8E35AC}.AppStore|ARM.ActiveCfg = AppStore|iPhone
		{4C1B99A3-7344-4D47-A09E-F65B0F8E35AC}.AppStore|iPhone.ActiveCfg = AppStore|iPhone
		{4C1B99A3-7344-4D47-A09E-F65B0F8E35AC}.AppStore|iPhone.Build.0 = AppStore|iPhone
		{4C1B99A3-7344-4D47-A09E-F65B0F8E35AC}.AppStore|iPhoneSimulator.ActiveCfg = AppStore|iPhoneSimulator
		{4C1B99A3-7344-4D47-A09E-F65B0F8E35AC}.AppStore|iPhoneSimulator.Build.0 = AppStore|iPhoneSimulator
		{4C1B99A3-7344-4D47-A09E-F65B0F8E35AC}.AppStore|x64.ActiveCfg = AppStore|iPhone
		{4C1B99A3-7344-4D47-A09E-F65B0F8E35AC}.AppStore|x86.ActiveCfg = AppStore|iPhone
		{4C1B99A3-7344-4D47-A09E-F65B0F8E35AC}.Debug|Any CPU.ActiveCfg = Debug|iPhone
		{4C1B99A3-7344-4D47-A09E-F65B0F8E35AC}.Debug|ARM.ActiveCfg = Debug|iPhone
		{4C1B99A3-7344-4D47-A09E-F65B0F8E35AC}.Debug|iPhone.ActiveCfg = Debug|iPhone
		{4C1B99A3-7344-4D47-A09E-F65B0F8E35AC}.Debug|iPhone.Build.0 = Debug|iPhone
		{4C1B99A3-7344-4D47-A09E-F65B0F8E35AC}.Debug|iPhoneSimulator.ActiveCfg = Debug|iPhoneSimulator
		{4C1B99A3-7344-4D47-A09E-F65B0F8E35AC}.Debug|iPhoneSimulator.Build.0 = Debug|iPhoneSimulator
		{4C1B99A3-7344-4D47-A09E-F65B0F8E35AC}.Debug|x64.ActiveCfg = Debug|iPhone
		{4C1B99A3-7344-4D47-A09E-F65B0F8E35AC}.Debug|x86.ActiveCfg = Debug|iPhone
		{4C1B99A3-7344-4D47-A09E-F65B0F8E35AC}.Release|Any CPU.ActiveCfg = Release|iPhone
		{4C1B99A3-7344-4D47-A09E-F65B0F8E35AC}.Release|ARM.ActiveCfg = Release|iPhone
		{4C1B99A3-7344-4D47-A09E-F65B0F8E35AC}.Release|iPhone.ActiveCfg = Release|iPhone
		{4C1B99A3-7344-4D47-A09E-F65B0F8E35AC}.Release|iPhone.Build.0 = Release|iPhone
		{4C1B99A3-7344-4D47-A09E-F65B0F8E35AC}.Release|iPhoneSimulator.ActiveCfg = Release|iPhoneSimulator
		{4C1B99A3-7344-4D47-A09E-F65B0F8E35AC}.Release|iPhoneSimulator.Build.0 = Release|iPhoneSimulator
		{4C1B99A3-7344-4D47-A09E-F65B0F8E35AC}.Release|x64.ActiveCfg = Release|iPhone
		{4C1B99A3-7344-4D47-A09E-F65B0F8E35AC}.Release|x86.ActiveCfg = Release|iPhone
		{93C824D8-D5BE-46A5-A442-19EFC39C5710}.Ad-Hoc|Any CPU.ActiveCfg = Release|x86
		{93C824D8-D5BE-46A5-A442-19EFC39C5710}.Ad-Hoc|Any CPU.Build.0 = Release|x86
		{93C824D8-D5BE-46A5-A442-19EFC39C5710}.Ad-Hoc|Any CPU.Deploy.0 = Release|x86
		{93C824D8-D5BE-46A5-A442-19EFC39C5710}.Ad-Hoc|ARM.ActiveCfg = Release|ARM
		{93C824D8-D5BE-46A5-A442-19EFC39C5710}.Ad-Hoc|ARM.Build.0 = Release|ARM
		{93C824D8-D5BE-46A5-A442-19EFC39C5710}.Ad-Hoc|ARM.Deploy.0 = Release|ARM
		{93C824D8-D5BE-46A5-A442-19EFC39C5710}.Ad-Hoc|iPhone.ActiveCfg = Release|x86
		{93C824D8-D5BE-46A5-A442-19EFC39C5710}.Ad-Hoc|iPhone.Build.0 = Release|x86
		{93C824D8-D5BE-46A5-A442-19EFC39C5710}.Ad-Hoc|iPhone.Deploy.0 = Release|x86
		{93C824D8-D5BE-46A5-A442-19EFC39C5710}.Ad-Hoc|iPhoneSimulator.ActiveCfg = Release|x86
		{93C824D8-D5BE-46A5-A442-19EFC39C5710}.Ad-Hoc|iPhoneSimulator.Build.0 = Release|x86
		{93C824D8-D5BE-46A5-A442-19EFC39C5710}.Ad-Hoc|iPhoneSimulator.Deploy.0 = Release|x86
		{93C824D8-D5BE-46A5-A442-19EFC39C5710}.Ad-Hoc|x64.ActiveCfg = Release|x64
		{93C824D8-D5BE-46A5-A442-19EFC39C5710}.Ad-Hoc|x64.Build.0 = Release|x64
		{93C824D8-D5BE-46A5-A442-19EFC39C5710}.Ad-Hoc|x64.Deploy.0 = Release|x64
		{93C824D8-D5BE-46A5-A442-19EFC39C5710}.Ad-Hoc|x86.ActiveCfg = Release|x86
		{93C824D8-D5BE-46A5-A442-19EFC39C5710}.Ad-Hoc|x86.Build.0 = Release|x86
		{93C824D8-D5BE-46A5-A442-19EFC39C5710}.Ad-Hoc|x86.Deploy.0 = Release|x86
		{93C824D8-D5BE-46A5-A442-19EFC39C5710}.AppStore|Any CPU.ActiveCfg = Release|x86
		{93C824D8-D5BE-46A5-A442-19EFC39C5710}.AppStore|Any CPU.Build.0 = Release|x86
		{93C824D8-D5BE-46A5-A442-19EFC39C5710}.AppStore|Any CPU.Deploy.0 = Release|x86
		{93C824D8-D5BE-46A5-A442-19EFC39C5710}.AppStore|ARM.ActiveCfg = Release|ARM
		{93C824D8-D5BE-46A5-A442-19EFC39C5710}.AppStore|ARM.Build.0 = Release|ARM
		{93C824D8-D5BE-46A5-A442-19EFC39C5710}.AppStore|ARM.Deploy.0 = Release|ARM
		{93C824D8-D5BE-46A5-A442-19EFC39C5710}.AppStore|iPhone.ActiveCfg = Release|x86
		{93C824D8-D5BE-46A5-A442-19EFC39C5710}.AppStore|iPhone.Build.0 = Release|x86
		{93C824D8-D5BE-46A5-A442-19EFC39C5710}.AppStore|iPhone.Deploy.0 = Release|x86
		{93C824D8-D5BE-46A5-A442-19EFC39C5710}.AppStore|iPhoneSimulator.ActiveCfg = Release|x86
		{93C824D8-D5BE-46A5-A442-19EFC39C5710}.AppStore|iPhoneSimulator.Build.0 = Release|x86
		{93C824D8-D5BE-46A5-A442-19EFC39C5710}.AppStore|iPhoneSimulator.Deploy.0 = Release|x86
		{93C824D8-D5BE-46A5-A442-19EFC39C5710}.AppStore|x64.ActiveCfg = Release|x64
		{93C824D8-D5BE-46A5-A442-19EFC39C5710}.AppStore|x64.Build.0 = Release|x64
		{93C824D8-D5BE-46A5-A442-19EFC39C5710}.AppStore|x64.Deploy.0 = Release|x64
		{93C824D8-D5BE-46A5-A442-19EFC39C5710}.AppStore|x86.ActiveCfg = Release|x86
		{93C824D8-D5BE-46A5-A442-19EFC39C5710}.AppStore|x86.Build.0 = Release|x86
		{93C824D8-D5BE-46A5-A442-19EFC39C5710}.AppStore|x86.Deploy.0 = Release|x86
		{93C824D8-D5BE-46A5-A442-19EFC39C5710}.Debug|Any CPU.ActiveCfg = Debug|x86
		{93C824D8-D5BE-46A5-A442-19EFC39C5710}.Debug|ARM.ActiveCfg = Debug|ARM
		{93C824D8-D5BE-46A5-A442-19EFC39C5710}.Debug|ARM.Build.0 = Debug|ARM
		{93C824D8-D5BE-46A5-A442-19EFC39C5710}.Debug|ARM.Deploy.0 = Debug|ARM
		{93C824D8-D5BE-46A5-A442-19EFC39C5710}.Debug|iPhone.ActiveCfg = Debug|x86
		{93C824D8-D5BE-46A5-A442-19EFC39C5710}.Debug|iPhoneSimulator.ActiveCfg = Debug|x86
		{93C824D8-D5BE-46A5-A442-19EFC39C5710}.Debug|x64.ActiveCfg = Debug|x64
		{93C824D8-D5BE-46A5-A442-19EFC39C5710}.Debug|x64.Build.0 = Debug|x64
		{93C824D8-D5BE-46A5-A442-19EFC39C5710}.Debug|x64.Deploy.0 = Debug|x64
		{93C824D8-D5BE-46A5-A442-19EFC39C5710}.Debug|x86.ActiveCfg = Debug|x86
		{93C824D8-D5BE-46A5-A442-19EFC39C5710}.Debug|x86.Build.0 = Debug|x86
		{93C824D8-D5BE-46A5-A442-19EFC39C5710}.Debug|x86.Deploy.0 = Debug|x86
		{93C824D8-D5BE-46A5-A442-19EFC39C5710}.Release|Any CPU.ActiveCfg = Release|x86
		{93C824D8-D5BE-46A5-A442-19EFC39C5710}.Release|ARM.ActiveCfg = Release|ARM
		{93C824D8-D5BE-46A5-A442-19EFC39C5710}.Release|ARM.Build.0 = Release|ARM
		{93C824D8-D5BE-46A5-A442-19EFC39C5710}.Release|ARM.Deploy.0 = Release|ARM
		{93C824D8-D5BE-46A5-A442-19EFC39C5710}.Release|iPhone.ActiveCfg = Release|x86
		{93C824D8-D5BE-46A5-A442-19EFC39C5710}.Release|iPhoneSimulator.ActiveCfg = Release|x86
		{93C824D8-D5BE-46A5-A442-19EFC39C5710}.Release|x64.ActiveCfg = Release|x64
		{93C824D8-D5BE-46A5-A442-19EFC39C5710}.Release|x64.Build.0 = Release|x64
		{93C824D8-D5BE-46A5-A442-19EFC39C5710}.Release|x64.Deploy.0 = Release|x64
		{93C824D8-D5BE-46A5-A442-19EFC39C5710}.Release|x86.ActiveCfg = Release|x86
		{93C824D8-D5BE-46A5-A442-19EFC39C5710}.Release|x86.Build.0 = Release|x86
		{93C824D8-D5BE-46A5-A442-19EFC39C5710}.Release|x86.Deploy.0 = Release|x86
	EndGlobalSection
	GlobalSection(SolutionProperties) = preSolution
		HideSolutionNode = FALSE
	EndGlobalSection
	GlobalSection(ExtensibilityGlobals) = postSolution
		SolutionGuid = {BB249CC2-E8E6-4A2C-9127-24CEDD6E6312}
	EndGlobalSection
EndGlobal
